
Microsoft Visual Studio Solution File, Format Version 12.00
# Visual Studio Version 16
VisualStudioVersion = 16.0.30907.101
MinimumVisualStudioVersion = 10.0.40219.1
Project("{9A19103F-16F7-4668-BE54-9A1E7A4F7556}") = "DataAccess", "DataAccess\DataAccess.csproj", "{4AEA1051-52C3-4131-A3DC-4CA47D53D488}"
EndProject
Project("{9A19103F-16F7-4668-BE54-9A1E7A4F7556}") = "Business", "Business\Business.csproj", "{D59689F6-9636-4099-B926-9AE660276A64}"
EndProject
Project("{9A19103F-16F7-4668-BE54-9A1E7A4F7556}") = "Entities", "Entities\Entities.csproj", "{A1D6A924-7C22-4386-B1B4-6E185858F058}"
EndProject
Project("{9A19103F-16F7-4668-BE54-9A1E7A4F7556}") = "ConsoleUI", "ConsoleUI\ConsoleUI.csproj", "{AD3F5632-57E2-43EA-8E25-16E4C36140EE}"
	ProjectSection(ProjectDependencies) = postProject
		{69D904E6-2138-4235-A298-3A5F5AB0212B} = {69D904E6-2138-4235-A298-3A5F5AB0212B}
	EndProjectSection
EndProject
Project("{FAE04EC0-301F-11D3-BF4B-00C04F79EFBC}") = "Core", "Core\Core.csproj", "{69D904E6-2138-4235-A298-3A5F5AB0212B}"
EndProject
Global
	GlobalSection(SolutionConfigurationPlatforms) = preSolution
		Debug|Any CPU = Debug|Any CPU
		Release|Any CPU = Release|Any CPU
	EndGlobalSection
	GlobalSection(ProjectConfigurationPlatforms) = postSolution
		{4AEA1051-52C3-4131-A3DC-4CA47D53D488}.Debug|Any CPU.ActiveCfg = Debug|Any CPU
		{4AEA1051-52C3-4131-A3DC-4CA47D53D488}.Debug|Any CPU.Build.0 = Debug|Any CPU
		{4AEA1051-52C3-4131-A3DC-4CA47D53D488}.Release|Any CPU.ActiveCfg = Release|Any CPU
		{4AEA1051-52C3-4131-A3DC-4CA47D53D488}.Release|Any CPU.Build.0 = Release|Any CPU
		{D59689F6-9636-4099-B926-9AE660276A64}.Debug|Any CPU.ActiveCfg = Debug|Any CPU
		{D59689F6-9636-4099-B926-9AE660276A64}.Debug|Any CPU.Build.0 = Debug|Any CPU
		{D59689F6-9636-4099-B926-9AE660276A64}.Release|Any CPU.ActiveCfg = Release|Any CPU
		{D59689F6-9636-4099-B926-9AE660276A64}.Release|Any CPU.Build.0 = Release|Any CPU
		{A1D6A924-7C22-4386-B1B4-6E185858F058}.Debug|Any CPU.ActiveCfg = Debug|Any CPU
		{A1D6A924-7C22-4386-B1B4-6E185858F058}.Debug|Any CPU.Build.0 = Debug|Any CPU
		{A1D6A924-7C22-4386-B1B4-6E185858F058}.Release|Any CPU.ActiveCfg = Release|Any CPU
		{A1D6A924-7C22-4386-B1B4-6E185858F058}.Release|Any CPU.Build.0 = Release|Any CPU
		{AD3F5632-57E2-43EA-8E25-16E4C36140EE}.Debug|Any CPU.ActiveCfg = Debug|Any CPU
		{AD3F5632-57E2-43EA-8E25-16E4C36140EE}.Debug|Any CPU.Build.0 = Debug|Any CPU
		{AD3F5632-57E2-43EA-8E25-16E4C36140EE}.Release|Any CPU.ActiveCfg = Release|Any CPU
		{AD3F5632-57E2-43EA-8E25-16E4C36140EE}.Release|Any CPU.Build.0 = Release|Any CPU
		{69D904E6-2138-4235-A298-3A5F5AB0212B}.Debug|Any CPU.ActiveCfg = Debug|Any CPU
		{69D904E6-2138-4235-A298-3A5F5AB0212B}.Debug|Any CPU.Build.0 = Debug|Any CPU
		{69D904E6-2138-4235-A298-3A5F5AB0212B}.Release|Any CPU.ActiveCfg = Release|Any CPU
		{69D904E6-2138-4235-A298-3A5F5AB0212B}.Release|Any CPU.Build.0 = Release|Any CPU
	EndGlobalSection
	GlobalSection(SolutionProperties) = preSolution
		HideSolutionNode = FALSE
	EndGlobalSection
	GlobalSection(ExtensibilityGlobals) = postSolution
		SolutionGuid = {8C611D0C-356B-4314-96C3-CEC28A03B35E}
	EndGlobalSection
EndGlobal
